
Microsoft Visual Studio Solution File, Format Version 12.00
# Visual Studio 15
Project("{FAE04EC0-301F-11D3-BF4B-00C04F79EFBC}") = "Assembly-CSharp", "Assembly-CSharp.csproj", "{FC412B76-46CD-C277-2241-03E67D2644D1}"
EndProject
Project("{FAE04EC0-301F-11D3-BF4B-00C04F79EFBC}") = "Assembly-CSharp-firstpass", "Assembly-CSharp-firstpass.csproj", "{60E02081-58CF-4E81-ED9D-BD8FFE231501}"
EndProject
Project("{FAE04EC0-301F-11D3-BF4B-00C04F79EFBC}") = "Assembly-CSharp-Editor", "Assembly-CSharp-Editor.csproj", "{88135499-ADA1-0FAE-9EE8-1AD712596E38}"
EndProject
Project("{FAE04EC0-301F-11D3-BF4B-00C04F79EFBC}") = "TimerAssembly", "TimerAssembly.csproj", "{0D919462-AF93-6795-CB4D-159AE41F4CFF}"
EndProject
Project("{FAE04EC0-301F-11D3-BF4B-00C04F79EFBC}") = "Tests", "Tests.csproj", "{3CE05339-BBC8-19B3-D523-2305992D6366}"
EndProject
Project("{FAE04EC0-301F-11D3-BF4B-00C04F79EFBC}") = "EnumsAssembly", "EnumsAssembly.csproj", "{61EC3321-B3E7-62F1-DB33-EADE6860CF3C}"
EndProject
Global
	GlobalSection(SolutionConfigurationPlatforms) = preSolution
		Debug|Any CPU = Debug|Any CPU
		Release|Any CPU = Release|Any CPU
	EndGlobalSection
	GlobalSection(ProjectConfigurationPlatforms) = postSolution
		{FC412B76-46CD-C277-2241-03E67D2644D1}.Debug|Any CPU.ActiveCfg = Debug|Any CPU
		{FC412B76-46CD-C277-2241-03E67D2644D1}.Debug|Any CPU.Build.0 = Debug|Any CPU
		{FC412B76-46CD-C277-2241-03E67D2644D1}.Release|Any CPU.ActiveCfg = Release|Any CPU
		{FC412B76-46CD-C277-2241-03E67D2644D1}.Release|Any CPU.Build.0 = Release|Any CPU
		{60E02081-58CF-4E81-ED9D-BD8FFE231501}.Debug|Any CPU.ActiveCfg = Debug|Any CPU
		{60E02081-58CF-4E81-ED9D-BD8FFE231501}.Debug|Any CPU.Build.0 = Debug|Any CPU
		{60E02081-58CF-4E81-ED9D-BD8FFE231501}.Release|Any CPU.ActiveCfg = Release|Any CPU
		{60E02081-58CF-4E81-ED9D-BD8FFE231501}.Release|Any CPU.Build.0 = Release|Any CPU
		{88135499-ADA1-0FAE-9EE8-1AD712596E38}.Debug|Any CPU.ActiveCfg = Debug|Any CPU
		{88135499-ADA1-0FAE-9EE8-1AD712596E38}.Debug|Any CPU.Build.0 = Debug|Any CPU
		{88135499-ADA1-0FAE-9EE8-1AD712596E38}.Release|Any CPU.ActiveCfg = Release|Any CPU
		{88135499-ADA1-0FAE-9EE8-1AD712596E38}.Release|Any CPU.Build.0 = Release|Any CPU
		{0D919462-AF93-6795-CB4D-159AE41F4CFF}.Debug|Any CPU.ActiveCfg = Debug|Any CPU
		{0D919462-AF93-6795-CB4D-159AE41F4CFF}.Debug|Any CPU.Build.0 = Debug|Any CPU
		{0D919462-AF93-6795-CB4D-159AE41F4CFF}.Release|Any CPU.ActiveCfg = Release|Any CPU
		{0D919462-AF93-6795-CB4D-159AE41F4CFF}.Release|Any CPU.Build.0 = Release|Any CPU
		{3CE05339-BBC8-19B3-D523-2305992D6366}.Debug|Any CPU.ActiveCfg = Debug|Any CPU
		{3CE05339-BBC8-19B3-D523-2305992D6366}.Debug|Any CPU.Build.0 = Debug|Any CPU
		{3CE05339-BBC8-19B3-D523-2305992D6366}.Release|Any CPU.ActiveCfg = Release|Any CPU
		{3CE05339-BBC8-19B3-D523-2305992D6366}.Release|Any CPU.Build.0 = Release|Any CPU
		{61EC3321-B3E7-62F1-DB33-EADE6860CF3C}.Debug|Any CPU.ActiveCfg = Debug|Any CPU
		{61EC3321-B3E7-62F1-DB33-EADE6860CF3C}.Debug|Any CPU.Build.0 = Debug|Any CPU
		{61EC3321-B3E7-62F1-DB33-EADE6860CF3C}.Release|Any CPU.ActiveCfg = Release|Any CPU
		{61EC3321-B3E7-62F1-DB33-EADE6860CF3C}.Release|Any CPU.Build.0 = Release|Any CPU
	EndGlobalSection
	GlobalSection(SolutionProperties) = preSolution
		HideSolutionNode = FALSE
	EndGlobalSection
EndGlobal
